
Microsoft Visual Studio Solution File, Format Version 12.00
# Visual Studio Version 16
VisualStudioVersion = 16.0.34601.136
MinimumVisualStudioVersion = 10.0.40219.1
Project("{FAE04EC0-301F-11D3-BF4B-00C04F79EFBC}") = "ChildrenControlSys", "ChildrenControlSys\ChildrenControlSys.csproj", "{D76677CC-BBE8-46B8-A21D-E86E9D472A42}"
EndProject
Global
	GlobalSection(SolutionConfigurationPlatforms) = preSolution
		Debug|Any CPU = Debug|Any CPU
		Release|Any CPU = Release|Any CPU
	EndGlobalSection
	GlobalSection(ProjectConfigurationPlatforms) = postSolution
		{D76677CC-BBE8-46B8-A21D-E86E9D472A42}.Debug|Any CPU.ActiveCfg = Debug|Any CPU
		{D76677CC-BBE8-46B8-A21D-E86E9D472A42}.Debug|Any CPU.Build.0 = Debug|Any CPU
		{D76677CC-BBE8-46B8-A21D-E86E9D472A42}.Release|Any CPU.ActiveCfg = Release|Any CPU
		{D76677CC-BBE8-46B8-A21D-E86E9D472A42}.Release|Any CPU.Build.0 = Release|Any CPU
	EndGlobalSection
	GlobalSection(SolutionProperties) = preSolution
		HideSolutionNode = FALSE
	EndGlobalSection
	GlobalSection(ExtensibilityGlobals) = postSolution
		SolutionGuid = {87D087CA-90A6-4F20-8055-67534E301E40}
	EndGlobalSection
EndGlobal
